
Microsoft Visual Studio Solution File, Format Version 12.00
# Visual Studio 15
VisualStudioVersion = 15.0.28307.1525
MinimumVisualStudioVersion = 10.0.40219.1
Project("{159641D6-6404-4A2A-AE62-294DE0FE8301}") = "Desafio3", "Desafio3\Desafio3.dtproj", "{07DFB869-946D-4A0D-876B-AD3F854F8E7A}"
EndProject
Global
	GlobalSection(SolutionConfigurationPlatforms) = preSolution
		Development|Default = Development|Default
	EndGlobalSection
	GlobalSection(ProjectConfigurationPlatforms) = postSolution
		{07DFB869-946D-4A0D-876B-AD3F854F8E7A}.Development|Default.ActiveCfg = Development
		{07DFB869-946D-4A0D-876B-AD3F854F8E7A}.Development|Default.Build.0 = Development
	EndGlobalSection
	GlobalSection(SolutionProperties) = preSolution
		HideSolutionNode = FALSE
	EndGlobalSection
	GlobalSection(ExtensibilityGlobals) = postSolution
		SolutionGuid = {B0304DE3-80CD-4574-B6F0-A007F8005A06}
	EndGlobalSection
EndGlobal
